
Microsoft Visual Studio Solution File, Format Version 12.00
# Visual Studio Version 16
VisualStudioVersion = 16.6.30114.105
MinimumVisualStudioVersion = 10.0.40219.1
Project("{FAE04EC0-301F-11D3-BF4B-00C04F79EFBC}") = "SchoolRegister.DAL", "SchoolRegister.DAL\SchoolRegister.DAL.csproj", "{8C7AB963-6E7B-4BA3-8F87-A77947CC43FF}"
EndProject
Project("{FAE04EC0-301F-11D3-BF4B-00C04F79EFBC}") = "SchoolRegister.Model", "SchoolRegister.Model\SchoolRegister.Model.csproj", "{75C6ECE2-EC9D-40BD-ACA2-3C5FE0EDD9B4}"
EndProject
Project("{FAE04EC0-301F-11D3-BF4B-00C04F79EFBC}") = "SchoolRegister.Services", "SchoolRegister.Services\SchoolRegister.Services.csproj", "{21402BE5-7854-430E-B88C-C950934DCE96}"
EndProject
Project("{FAE04EC0-301F-11D3-BF4B-00C04F79EFBC}") = "SchoolRegister.ViewModels", "SchoolRegister.ViewModels\SchoolRegister.ViewModels.csproj", "{D9CDB5CE-6AEA-4100-A336-4BA06B3D81EB}"
EndProject
Project("{FAE04EC0-301F-11D3-BF4B-00C04F79EFBC}") = "SchoolRegister.Web", "SchoolRegister.Web\SchoolRegister.Web.csproj", "{DC67A745-89E9-44A4-9902-D13E0DD73857}"
EndProject
Project("{FAE04EC0-301F-11D3-BF4B-00C04F79EFBC}") = "SchoolRegister.Tests", "SchoolRegister.Tests\SchoolRegister.Tests.csproj", "{0B4404B3-EE11-4DD3-8864-02CF9AABA998}"
EndProject
Global
	GlobalSection(SolutionConfigurationPlatforms) = preSolution
		Debug|Any CPU = Debug|Any CPU
		Debug|x64 = Debug|x64
		Debug|x86 = Debug|x86
		Release|Any CPU = Release|Any CPU
		Release|x64 = Release|x64
		Release|x86 = Release|x86
	EndGlobalSection
	GlobalSection(SolutionProperties) = preSolution
		HideSolutionNode = FALSE
	EndGlobalSection
	GlobalSection(ProjectConfigurationPlatforms) = postSolution
		{8C7AB963-6E7B-4BA3-8F87-A77947CC43FF}.Debug|Any CPU.ActiveCfg = Debug|Any CPU
		{8C7AB963-6E7B-4BA3-8F87-A77947CC43FF}.Debug|Any CPU.Build.0 = Debug|Any CPU
		{8C7AB963-6E7B-4BA3-8F87-A77947CC43FF}.Debug|x64.ActiveCfg = Debug|Any CPU
		{8C7AB963-6E7B-4BA3-8F87-A77947CC43FF}.Debug|x64.Build.0 = Debug|Any CPU
		{8C7AB963-6E7B-4BA3-8F87-A77947CC43FF}.Debug|x86.ActiveCfg = Debug|Any CPU
		{8C7AB963-6E7B-4BA3-8F87-A77947CC43FF}.Debug|x86.Build.0 = Debug|Any CPU
		{8C7AB963-6E7B-4BA3-8F87-A77947CC43FF}.Release|Any CPU.ActiveCfg = Release|Any CPU
		{8C7AB963-6E7B-4BA3-8F87-A77947CC43FF}.Release|Any CPU.Build.0 = Release|Any CPU
		{8C7AB963-6E7B-4BA3-8F87-A77947CC43FF}.Release|x64.ActiveCfg = Release|Any CPU
		{8C7AB963-6E7B-4BA3-8F87-A77947CC43FF}.Release|x64.Build.0 = Release|Any CPU
		{8C7AB963-6E7B-4BA3-8F87-A77947CC43FF}.Release|x86.ActiveCfg = Release|Any CPU
		{8C7AB963-6E7B-4BA3-8F87-A77947CC43FF}.Release|x86.Build.0 = Release|Any CPU
		{75C6ECE2-EC9D-40BD-ACA2-3C5FE0EDD9B4}.Debug|Any CPU.ActiveCfg = Debug|Any CPU
		{75C6ECE2-EC9D-40BD-ACA2-3C5FE0EDD9B4}.Debug|Any CPU.Build.0 = Debug|Any CPU
		{75C6ECE2-EC9D-40BD-ACA2-3C5FE0EDD9B4}.Debug|x64.ActiveCfg = Debug|Any CPU
		{75C6ECE2-EC9D-40BD-ACA2-3C5FE0EDD9B4}.Debug|x64.Build.0 = Debug|Any CPU
		{75C6ECE2-EC9D-40BD-ACA2-3C5FE0EDD9B4}.Debug|x86.ActiveCfg = Debug|Any CPU
		{75C6ECE2-EC9D-40BD-ACA2-3C5FE0EDD9B4}.Debug|x86.Build.0 = Debug|Any CPU
		{75C6ECE2-EC9D-40BD-ACA2-3C5FE0EDD9B4}.Release|Any CPU.ActiveCfg = Release|Any CPU
		{75C6ECE2-EC9D-40BD-ACA2-3C5FE0EDD9B4}.Release|Any CPU.Build.0 = Release|Any CPU
		{75C6ECE2-EC9D-40BD-ACA2-3C5FE0EDD9B4}.Release|x64.ActiveCfg = Release|Any CPU
		{75C6ECE2-EC9D-40BD-ACA2-3C5FE0EDD9B4}.Release|x64.Build.0 = Release|Any CPU
		{75C6ECE2-EC9D-40BD-ACA2-3C5FE0EDD9B4}.Release|x86.ActiveCfg = Release|Any CPU
		{75C6ECE2-EC9D-40BD-ACA2-3C5FE0EDD9B4}.Release|x86.Build.0 = Release|Any CPU
		{21402BE5-7854-430E-B88C-C950934DCE96}.Debug|Any CPU.ActiveCfg = Debug|Any CPU
		{21402BE5-7854-430E-B88C-C950934DCE96}.Debug|Any CPU.Build.0 = Debug|Any CPU
		{21402BE5-7854-430E-B88C-C950934DCE96}.Debug|x64.ActiveCfg = Debug|Any CPU
		{21402BE5-7854-430E-B88C-C950934DCE96}.Debug|x64.Build.0 = Debug|Any CPU
		{21402BE5-7854-430E-B88C-C950934DCE96}.Debug|x86.ActiveCfg = Debug|Any CPU
		{21402BE5-7854-430E-B88C-C950934DCE96}.Debug|x86.Build.0 = Debug|Any CPU
		{21402BE5-7854-430E-B88C-C950934DCE96}.Release|Any CPU.ActiveCfg = Release|Any CPU
		{21402BE5-7854-430E-B88C-C950934DCE96}.Release|Any CPU.Build.0 = Release|Any CPU
		{21402BE5-7854-430E-B88C-C950934DCE96}.Release|x64.ActiveCfg = Release|Any CPU
		{21402BE5-7854-430E-B88C-C950934DCE96}.Release|x64.Build.0 = Release|Any CPU
		{21402BE5-7854-430E-B88C-C950934DCE96}.Release|x86.ActiveCfg = Release|Any CPU
		{21402BE5-7854-430E-B88C-C950934DCE96}.Release|x86.Build.0 = Release|Any CPU
		{D9CDB5CE-6AEA-4100-A336-4BA06B3D81EB}.Debug|Any CPU.ActiveCfg = Debug|Any CPU
		{D9CDB5CE-6AEA-4100-A336-4BA06B3D81EB}.Debug|Any CPU.Build.0 = Debug|Any CPU
		{D9CDB5CE-6AEA-4100-A336-4BA06B3D81EB}.Debug|x64.ActiveCfg = Debug|Any CPU
		{D9CDB5CE-6AEA-4100-A336-4BA06B3D81EB}.Debug|x64.Build.0 = Debug|Any CPU
		{D9CDB5CE-6AEA-4100-A336-4BA06B3D81EB}.Debug|x86.ActiveCfg = Debug|Any CPU
		{D9CDB5CE-6AEA-4100-A336-4BA06B3D81EB}.Debug|x86.Build.0 = Debug|Any CPU
		{D9CDB5CE-6AEA-4100-A336-4BA06B3D81EB}.Release|Any CPU.ActiveCfg = Release|Any CPU
		{D9CDB5CE-6AEA-4100-A336-4BA06B3D81EB}.Release|Any CPU.Build.0 = Release|Any CPU
		{D9CDB5CE-6AEA-4100-A336-4BA06B3D81EB}.Release|x64.ActiveCfg = Release|Any CPU
		{D9CDB5CE-6AEA-4100-A336-4BA06B3D81EB}.Release|x64.Build.0 = Release|Any CPU
		{D9CDB5CE-6AEA-4100-A336-4BA06B3D81EB}.Release|x86.ActiveCfg = Release|Any CPU
		{D9CDB5CE-6AEA-4100-A336-4BA06B3D81EB}.Release|x86.Build.0 = Release|Any CPU
		{DC67A745-89E9-44A4-9902-D13E0DD73857}.Debug|Any CPU.ActiveCfg = Debug|Any CPU
		{DC67A745-89E9-44A4-9902-D13E0DD73857}.Debug|Any CPU.Build.0 = Debug|Any CPU
		{DC67A745-89E9-44A4-9902-D13E0DD73857}.Debug|x64.ActiveCfg = Debug|Any CPU
		{DC67A745-89E9-44A4-9902-D13E0DD73857}.Debug|x64.Build.0 = Debug|Any CPU
		{DC67A745-89E9-44A4-9902-D13E0DD73857}.Debug|x86.ActiveCfg = Debug|Any CPU
		{DC67A745-89E9-44A4-9902-D13E0DD73857}.Debug|x86.Build.0 = Debug|Any CPU
		{DC67A745-89E9-44A4-9902-D13E0DD73857}.Release|Any CPU.ActiveCfg = Release|Any CPU
		{DC67A745-89E9-44A4-9902-D13E0DD73857}.Release|Any CPU.Build.0 = Release|Any CPU
		{DC67A745-89E9-44A4-9902-D13E0DD73857}.Release|x64.ActiveCfg = Release|Any CPU
		{DC67A745-89E9-44A4-9902-D13E0DD73857}.Release|x64.Build.0 = Release|Any CPU
		{DC67A745-89E9-44A4-9902-D13E0DD73857}.Release|x86.ActiveCfg = Release|Any CPU
		{DC67A745-89E9-44A4-9902-D13E0DD73857}.Release|x86.Build.0 = Release|Any CPU
		{0B4404B3-EE11-4DD3-8864-02CF9AABA998}.Debug|Any CPU.ActiveCfg = Debug|Any CPU
		{0B4404B3-EE11-4DD3-8864-02CF9AABA998}.Debug|Any CPU.Build.0 = Debug|Any CPU
		{0B4404B3-EE11-4DD3-8864-02CF9AABA998}.Debug|x64.ActiveCfg = Debug|Any CPU
		{0B4404B3-EE11-4DD3-8864-02CF9AABA998}.Debug|x64.Build.0 = Debug|Any CPU
		{0B4404B3-EE11-4DD3-8864-02CF9AABA998}.Debug|x86.ActiveCfg = Debug|Any CPU
		{0B4404B3-EE11-4DD3-8864-02CF9AABA998}.Debug|x86.Build.0 = Debug|Any CPU
		{0B4404B3-EE11-4DD3-8864-02CF9AABA998}.Release|Any CPU.ActiveCfg = Release|Any CPU
		{0B4404B3-EE11-4DD3-8864-02CF9AABA998}.Release|Any CPU.Build.0 = Release|Any CPU
		{0B4404B3-EE11-4DD3-8864-02CF9AABA998}.Release|x64.ActiveCfg = Release|Any CPU
		{0B4404B3-EE11-4DD3-8864-02CF9AABA998}.Release|x64.Build.0 = Release|Any CPU
		{0B4404B3-EE11-4DD3-8864-02CF9AABA998}.Release|x86.ActiveCfg = Release|Any CPU
		{0B4404B3-EE11-4DD3-8864-02CF9AABA998}.Release|x86.Build.0 = Release|Any CPU
	EndGlobalSection
EndGlobal
